# THIS IS AN AUTOGENERATED FILE. DO NOT EDIT THIS FILE DIRECTLY.
# yarn lockfile v1


"@actual-app/web@^4.0.2":
  version "4.0.2"
  resolved "https://registry.yarnpkg.com/@actual-app/web/-/web-4.0.2.tgz#9311274bbe3464106d4b1d994947128c672d11d0"
  integrity sha512-UGsZ1PBZuFM8temch6J8t6Z18JzFqDvrweWg77Vje1nyBFqwTKzsWrABbinxJF9fI+qiYH5T/eTftj7/JB0f3A==
